
Microsoft Visual Studio Solution File, Format Version 12.00
# Visual Studio Version 17
VisualStudioVersion = 17.14.35906.104 d17.14
MinimumVisualStudioVersion = 10.0.40219.1
Project("{FAE04EC0-301F-11D3-BF4B-00C04F79EFBC}") = "AbhiProject", "AbhiProject\AbhiProject.csproj", "{A0DCB574-4CF1-4388-AAF6-CE56A659B7F0}"
EndProject
Global
	GlobalSection(SolutionConfigurationPlatforms) = preSolution
		Debug|Any CPU = Debug|Any CPU
		Release|Any CPU = Release|Any CPU
	EndGlobalSection
	GlobalSection(ProjectConfigurationPlatforms) = postSolution
		{A0DCB574-4CF1-4388-AAF6-CE56A659B7F0}.Debug|Any CPU.ActiveCfg = Debug|Any CPU
		{A0DCB574-4CF1-4388-AAF6-CE56A659B7F0}.Debug|Any CPU.Build.0 = Debug|Any CPU
		{A0DCB574-4CF1-4388-AAF6-CE56A659B7F0}.Release|Any CPU.ActiveCfg = Release|Any CPU
		{A0DCB574-4CF1-4388-AAF6-CE56A659B7F0}.Release|Any CPU.Build.0 = Release|Any CPU
	EndGlobalSection
	GlobalSection(SolutionProperties) = preSolution
		HideSolutionNode = FALSE
	EndGlobalSection
	GlobalSection(ExtensibilityGlobals) = postSolution
		SolutionGuid = {65E9C415-A13E-4641-8499-7105058CE1E7}
	EndGlobalSection
EndGlobal
